// !$*UTF8*$!
{
	archiveVersion = 1;
	classes = {
	};
	objectVersion = 55;
	objects = {

/* Begin PBXBuildFile section */
		FB78E943279EA42F005A7639 /* FindCoronaCenterApp.swift in Sources */ = {isa = PBXBuildFile; fileRef = FB78E942279EA42F005A7639 /* FindCoronaCenterApp.swift */; };
		FB78E945279EA42F005A7639 /* ContentView.swift in Sources */ = {isa = PBXBuildFile; fileRef = FB78E944279EA42F005A7639 /* ContentView.swift */; };
		FB78E947279EA432005A7639 /* Assets.xcassets in Resources */ = {isa = PBXBuildFile; fileRef = FB78E946279EA432005A7639 /* Assets.xcassets */; };
		FB78E94A279EA432005A7639 /* Preview Assets.xcassets in Resources */ = {isa = PBXBuildFile; fileRef = FB78E949279EA432005A7639 /* Preview Assets.xcassets */; };
		FB78E954279EA432005A7639 /* FindCoronaCenterTests.swift in Sources */ = {isa = PBXBuildFile; fileRef = FB78E953279EA432005A7639 /* FindCoronaCenterTests.swift */; };
		FB78E95E279EA432005A7639 /* FindCoronaCenterUITests.swift in Sources */ = {isa = PBXBuildFile; fileRef = FB78E95D279EA432005A7639 /* FindCoronaCenterUITests.swift */; };
		FB78E960279EA432005A7639 /* FindCoronaCenterUITestsLaunchTests.swift in Sources */ = {isa = PBXBuildFile; fileRef = FB78E95F279EA432005A7639 /* FindCoronaCenterUITestsLaunchTests.swift */; };
		FB78E96E279EA967005A7639 /* CenterAPIResponse.swift in Sources */ = {isa = PBXBuildFile; fileRef = FB78E96D279EA967005A7639 /* CenterAPIResponse.swift */; };
		FB78E970279EA992005A7639 /* Center.swift in Sources */ = {isa = PBXBuildFile; fileRef = FB78E96F279EA992005A7639 /* Center.swift */; };
		FB78E974279EAC27005A7639 /* CenterAPI.swift in Sources */ = {isa = PBXBuildFile; fileRef = FB78E973279EAC27005A7639 /* CenterAPI.swift */; };
		FB78E976279EAF37005A7639 /* CenterNetwork.swift in Sources */ = {isa = PBXBuildFile; fileRef = FB78E975279EAF37005A7639 /* CenterNetwork.swift */; };
/* End PBXBuildFile section */

/* Begin PBXContainerItemProxy section */
		FB78E950279EA432005A7639 /* PBXContainerItemProxy */ = {
			isa = PBXContainerItemProxy;
			containerPortal = FB78E937279EA42F005A7639 /* Project object */;
			proxyType = 1;
			remoteGlobalIDString = FB78E93E279EA42F005A7639;
			remoteInfo = FindCoronaCenter;
		};
		FB78E95A279EA432005A7639 /* PBXContainerItemProxy */ = {
			isa = PBXContainerItemProxy;
			containerPortal = FB78E937279EA42F005A7639 /* Project object */;
			proxyType = 1;
			remoteGlobalIDString = FB78E93E279EA42F005A7639;
			remoteInfo = FindCoronaCenter;
		};
/* End PBXContainerItemProxy section */

/* Begin PBXFileReference section */
		FB78E93F279EA42F005A7639 /* FindCoronaCenter.app */ = {isa = PBXFileReference; explicitFileType = wrapper.application; includeInIndex = 0; path = FindCoronaCenter.app; sourceTree = BUILT_PRODUCTS_DIR; };
		FB78E942279EA42F005A7639 /* FindCoronaCenterApp.swift */ = {isa = PBXFileReference; lastKnownFileType = sourcecode.swift; path = FindCoronaCenterApp.swift; sourceTree = "<group>"; };
		FB78E944279EA42F005A7639 /* ContentView.swift */ = {isa = PBXFileReference; lastKnownFileType = sourcecode.swift; path = ContentView.swift; sourceTree = "<group>"; };
		FB78E946279EA432005A7639 /* Assets.xcassets */ = {isa = PBXFileReference; lastKnownFileType = folder.assetcatalog; path = Assets.xcassets; sourceTree = "<group>"; };
		FB78E949279EA432005A7639 /* Preview Assets.xcassets */ = {isa = PBXFileReference; lastKnownFileType = folder.assetcatalog; path = "Preview Assets.xcassets"; sourceTree = "<group>"; };
		FB78E94F279EA432005A7639 /* FindCoronaCenterTests.xctest */ = {isa = PBXFileReference; explicitFileType = wrapper.cfbundle; includeInIndex = 0; path = FindCoronaCenterTests.xctest; sourceTree = BUILT_PRODUCTS_DIR; };
		FB78E953279EA432005A7639 /* FindCoronaCenterTests.swift */ = {isa = PBXFileReference; lastKnownFileType = sourcecode.swift; path = FindCoronaCenterTests.swift; sourceTree = "<group>"; };
		FB78E959279EA432005A7639 /* FindCoronaCenterUITests.xctest */ = {isa = PBXFileReference; explicitFileType = wrapper.cfbundle; includeInIndex = 0; path = FindCoronaCenterUITests.xctest; sourceTree = BUILT_PRODUCTS_DIR; };
		FB78E95D279EA432005A7639 /* FindCoronaCenterUITests.swift */ = {isa = PBXFileReference; lastKnownFileType = sourcecode.swift; path = FindCoronaCenterUITests.swift; sourceTree = "<group>"; };
		FB78E95F279EA432005A7639 /* FindCoronaCenterUITestsLaunchTests.swift */ = {isa = PBXFileReference; lastKnownFileType = sourcecode.swift; path = FindCoronaCenterUITestsLaunchTests.swift; sourceTree = "<group>"; };
		FB78E96D279EA967005A7639 /* CenterAPIResponse.swift */ = {isa = PBXFileReference; lastKnownFileType = sourcecode.swift; path = CenterAPIResponse.swift; sourceTree = "<group>"; };
		FB78E96F279EA992005A7639 /* Center.swift */ = {isa = PBXFileReference; lastKnownFileType = sourcecode.swift; path = Center.swift; sourceTree = "<group>"; };
		FB78E973279EAC27005A7639 /* CenterAPI.swift */ = {isa = PBXFileReference; lastKnownFileType = sourcecode.swift; path = CenterAPI.swift; sourceTree = "<group>"; };
		FB78E975279EAF37005A7639 /* CenterNetwork.swift */ = {isa = PBXFileReference; lastKnownFileType = sourcecode.swift; path = CenterNetwork.swift; sourceTree = "<group>"; };
/* End PBXFileReference section */

/* Begin PBXFrameworksBuildPhase section */
		FB78E93C279EA42F005A7639 /* Frameworks */ = {
			isa = PBXFrameworksBuildPhase;
			buildActionMask = 2147483647;
			files = (
			);
			runOnlyForDeploymentPostprocessing = 0;
		};
		FB78E94C279EA432005A7639 /* Frameworks */ = {
			isa = PBXFrameworksBuildPhase;
			buildActionMask = 2147483647;
			files = (
			);
			runOnlyForDeploymentPostprocessing = 0;
		};
		FB78E956279EA432005A7639 /* Frameworks */ = {
			isa = PBXFrameworksBuildPhase;
			buildActionMask = 2147483647;
			files = (
			);
			runOnlyForDeploymentPostprocessing = 0;
		};
/* End PBXFrameworksBuildPhase section */

/* Begin PBXGroup section */
		FB78E936279EA42F005A7639 = {
			isa = PBXGroup;
			children = (
				FB78E971279EAC0F005A7639 /* Network */,
				FB78E96C279EA93C005A7639 /* Entites */,
				FB78E941279EA42F005A7639 /* FindCoronaCenter */,
				FB78E952279EA432005A7639 /* FindCoronaCenterTests */,
				FB78E95C279EA432005A7639 /* FindCoronaCenterUITests */,
				FB78E940279EA42F005A7639 /* Products */,
			);
			sourceTree = "<group>";
		};
		FB78E940279EA42F005A7639 /* Products */ = {
			isa = PBXGroup;
			children = (
				FB78E93F279EA42F005A7639 /* FindCoronaCenter.app */,
				FB78E94F279EA432005A7639 /* FindCoronaCenterTests.xctest */,
				FB78E959279EA432005A7639 /* FindCoronaCenterUITests.xctest */,
			);
			name = Products;
			sourceTree = "<group>";
		};
		FB78E941279EA42F005A7639 /* FindCoronaCenter */ = {
			isa = PBXGroup;
			children = (
				FB78E942279EA42F005A7639 /* FindCoronaCenterApp.swift */,
				FB78E944279EA42F005A7639 /* ContentView.swift */,
				FB78E946279EA432005A7639 /* Assets.xcassets */,
				FB78E948279EA432005A7639 /* Preview Content */,
			);
			path = FindCoronaCenter;
			sourceTree = "<group>";
		};
		FB78E948279EA432005A7639 /* Preview Content */ = {
			isa = PBXGroup;
			children = (
				FB78E949279EA432005A7639 /* Preview Assets.xcassets */,
			);
			path = "Preview Content";
			sourceTree = "<group>";
		};
		FB78E952279EA432005A7639 /* FindCoronaCenterTests */ = {
			isa = PBXGroup;
			children = (
				FB78E953279EA432005A7639 /* FindCoronaCenterTests.swift */,
			);
			path = FindCoronaCenterTests;
			sourceTree = "<group>";
		};
		FB78E95C279EA432005A7639 /* FindCoronaCenterUITests */ = {
			isa = PBXGroup;
			children = (
				FB78E95D279EA432005A7639 /* FindCoronaCenterUITests.swift */,
				FB78E95F279EA432005A7639 /* FindCoronaCenterUITestsLaunchTests.swift */,
			);
			path = FindCoronaCenterUITests;
			sourceTree = "<group>";
		};
		FB78E96C279EA93C005A7639 /* Entites */ = {
			isa = PBXGroup;
			children = (
				FB78E96D279EA967005A7639 /* CenterAPIResponse.swift */,
				FB78E96F279EA992005A7639 /* Center.swift */,
			);
			path = Entites;
			sourceTree = "<group>";
		};
		FB78E971279EAC0F005A7639 /* Network */ = {
			isa = PBXGroup;
			children = (
				FB78E973279EAC27005A7639 /* CenterAPI.swift */,
				FB78E975279EAF37005A7639 /* CenterNetwork.swift */,
			);
			path = Network;
			sourceTree = "<group>";
		};
/* End PBXGroup section */

/* Begin PBXNativeTarget section */
		FB78E93E279EA42F005A7639 /* FindCoronaCenter */ = {
			isa = PBXNativeTarget;
			buildConfigurationList = FB78E963279EA432005A7639 /* Build configuration list for PBXNativeTarget "FindCoronaCenter" */;
			buildPhases = (
				FB78E93B279EA42F005A7639 /* Sources */,
				FB78E93C279EA42F005A7639 /* Frameworks */,
				FB78E93D279EA42F005A7639 /* Resources */,
			);
			buildRules = (
			);
			dependencies = (
			);
			name = FindCoronaCenter;
			productName = FindCoronaCenter;
			productReference = FB78E93F279EA42F005A7639 /* FindCoronaCenter.app */;
			productType = "com.apple.product-type.application";
		};
		FB78E94E279EA432005A7639 /* FindCoronaCenterTests */ = {
			isa = PBXNativeTarget;
			buildConfigurationList = FB78E966279EA432005A7639 /* Build configuration list for PBXNativeTarget "FindCoronaCenterTests" */;
			buildPhases = (
				FB78E94B279EA432005A7639 /* Sources */,
				FB78E94C279EA432005A7639 /* Frameworks */,
				FB78E94D279EA432005A7639 /* Resources */,
			);
			buildRules = (
			);
			dependencies = (
				FB78E951279EA432005A7639 /* PBXTargetDependency */,
			);
			name = FindCoronaCenterTests;
			productName = FindCoronaCenterTests;
			productReference = FB78E94F279EA432005A7639 /* FindCoronaCenterTests.xctest */;
			productType = "com.apple.product-type.bundle.unit-test";
		};
		FB78E958279EA432005A7639 /* FindCoronaCenterUITests */ = {
			isa = PBXNativeTarget;
			buildConfigurationList = FB78E969279EA432005A7639 /* Build configuration list for PBXNativeTarget "FindCoronaCenterUITests" */;
			buildPhases = (
				FB78E955279EA432005A7639 /* Sources */,
				FB78E956279EA432005A7639 /* Frameworks */,
				FB78E957279EA432005A7639 /* Resources */,
			);
			buildRules = (
			);
			dependencies = (
				FB78E95B279EA432005A7639 /* PBXTargetDependency */,
			);
			name = FindCoronaCenterUITests;
			productName = FindCoronaCenterUITests;
			productReference = FB78E959279EA432005A7639 /* FindCoronaCenterUITests.xctest */;
			productType = "com.apple.product-type.bundle.ui-testing";
		};
/* End PBXNativeTarget section */

/* Begin PBXProject section */
		FB78E937279EA42F005A7639 /* Project object */ = {
			isa = PBXProject;
			attributes = {
				BuildIndependentTargetsInParallel = 1;
				LastSwiftUpdateCheck = 1320;
				LastUpgradeCheck = 1320;
				TargetAttributes = {
					FB78E93E279EA42F005A7639 = {
						CreatedOnToolsVersion = 13.2.1;
					};
					FB78E94E279EA432005A7639 = {
						CreatedOnToolsVersion = 13.2.1;
						TestTargetID = FB78E93E279EA42F005A7639;
					};
					FB78E958279EA432005A7639 = {
						CreatedOnToolsVersion = 13.2.1;
						TestTargetID = FB78E93E279EA42F005A7639;
					};
				};
			};
			buildConfigurationList = FB78E93A279EA42F005A7639 /* Build configuration list for PBXProject "FindCoronaCenter" */;
			compatibilityVersion = "Xcode 13.0";
			developmentRegion = en;
			hasScannedForEncodings = 0;
			knownRegions = (
				en,
				Base,
			);
			mainGroup = FB78E936279EA42F005A7639;
			productRefGroup = FB78E940279EA42F005A7639 /* Products */;
			projectDirPath = "";
			projectRoot = "";
			targets = (
				FB78E93E279EA42F005A7639 /* FindCoronaCenter */,
				FB78E94E279EA432005A7639 /* FindCoronaCenterTests */,
				FB78E958279EA432005A7639 /* FindCoronaCenterUITests */,
			);
		};
/* End PBXProject section */

/* Begin PBXResourcesBuildPhase section */
		FB78E93D279EA42F005A7639 /* Resources */ = {
			isa = PBXResourcesBuildPhase;
			buildActionMask = 2147483647;
			files = (
				FB78E94A279EA432005A7639 /* Preview Assets.xcassets in Resources */,
				FB78E947279EA432005A7639 /* Assets.xcassets in Resources */,
			);
			runOnlyForDeploymentPostprocessing = 0;
		};
		FB78E94D279EA432005A7639 /* Resources */ = {
			isa = PBXResourcesBuildPhase;
			buildActionMask = 2147483647;
			files = (
			);
			runOnlyForDeploymentPostprocessing = 0;
		};
		FB78E957279EA432005A7639 /* Resources */ = {
			isa = PBXResourcesBuildPhase;
			buildActionMask = 2147483647;
			files = (
			);
			runOnlyForDeploymentPostprocessing = 0;
		};
/* End PBXResourcesBuildPhase section */

/* Begin PBXSourcesBuildPhase section */
		FB78E93B279EA42F005A7639 /* Sources */ = {
			isa = PBXSourcesBuildPhase;
			buildActionMask = 2147483647;
			files = (
				FB78E970279EA992005A7639 /* Center.swift in Sources */,
				FB78E976279EAF37005A7639 /* CenterNetwork.swift in Sources */,
				FB78E974279EAC27005A7639 /* CenterAPI.swift in Sources */,
				FB78E945279EA42F005A7639 /* ContentView.swift in Sources */,
				FB78E96E279EA967005A7639 /* CenterAPIResponse.swift in Sources */,
				FB78E943279EA42F005A7639 /* FindCoronaCenterApp.swift in Sources */,
			);
			runOnlyForDeploymentPostprocessing = 0;
		};
		FB78E94B279EA432005A7639 /* Sources */ = {
			isa = PBXSourcesBuildPhase;
			buildActionMask = 2147483647;
			files = (
				FB78E954279EA432005A7639 /* FindCoronaCenterTests.swift in Sources */,
			);
			runOnlyForDeploymentPostprocessing = 0;
		};
		FB78E955279EA432005A7639 /* Sources */ = {
			isa = PBXSourcesBuildPhase;
			buildActionMask = 2147483647;
			files = (
				FB78E960279EA432005A7639 /* FindCoronaCenterUITestsLaunchTests.swift in Sources */,
				FB78E95E279EA432005A7639 /* FindCoronaCenterUITests.swift in Sources */,
			);
			runOnlyForDeploymentPostprocessing = 0;
		};
/* End PBXSourcesBuildPhase section */

/* Begin PBXTargetDependency section */
		FB78E951279EA432005A7639 /* PBXTargetDependency */ = {
			isa = PBXTargetDependency;
			target = FB78E93E279EA42F005A7639 /* FindCoronaCenter */;
			targetProxy = FB78E950279EA432005A7639 /* PBXContainerItemProxy */;
		};
		FB78E95B279EA432005A7639 /* PBXTargetDependency */ = {
			isa = PBXTargetDependency;
			target = FB78E93E279EA42F005A7639 /* FindCoronaCenter */;
			targetProxy = FB78E95A279EA432005A7639 /* PBXContainerItemProxy */;
		};
/* End PBXTargetDependency section */

/* Begin XCBuildConfiguration section */
		FB78E961279EA432005A7639 /* Debug */ = {
			isa = XCBuildConfiguration;
			buildSettings = {
				ALWAYS_SEARCH_USER_PATHS = NO;
				CLANG_ANALYZER_NONNULL = YES;
				CLANG_ANALYZER_NUMBER_OBJECT_CONVERSION = YES_AGGRESSIVE;
				CLANG_CXX_LANGUAGE_STANDARD = "gnu++17";
				CLANG_CXX_LIBRARY = "libc++";
				CLANG_ENABLE_MODULES = YES;
				CLANG_ENABLE_OBJC_ARC = YES;
				CLANG_ENABLE_OBJC_WEAK = YES;
				CLANG_WARN_BLOCK_CAPTURE_AUTORELEASING = YES;
				CLANG_WARN_BOOL_CONVERSION = YES;
				CLANG_WARN_COMMA = YES;
				CLANG_WARN_CONSTANT_CONVERSION = YES;
				CLANG_WARN_DEPRECATED_OBJC_IMPLEMENTATIONS = YES;
				CLANG_WARN_DIRECT_OBJC_ISA_USAGE = YES_ERROR;
				CLANG_WARN_DOCUMENTATION_COMMENTS = YES;
				CLANG_WARN_EMPTY_BODY = YES;
				CLANG_WARN_ENUM_CONVERSION = YES;
				CLANG_WARN_INFINITE_RECURSION = YES;
				CLANG_WARN_INT_CONVERSION = YES;
				CLANG_WARN_NON_LITERAL_NULL_CONVERSION = YES;
				CLANG_WARN_OBJC_IMPLICIT_RETAIN_SELF = YES;
				CLANG_WARN_OBJC_LITERAL_CONVERSION = YES;
				CLANG_WARN_OBJC_ROOT_CLASS = YES_ERROR;
				CLANG_WARN_QUOTED_INCLUDE_IN_FRAMEWORK_HEADER = YES;
				CLANG_WARN_RANGE_LOOP_ANALYSIS = YES;
				CLANG_WARN_STRICT_PROTOTYPES = YES;
				CLANG_WARN_SUSPICIOUS_MOVE = YES;
				CLANG_WARN_UNGUARDED_AVAILABILITY = YES_AGGRESSIVE;
				CLANG_WARN_UNREACHABLE_CODE = YES;
				CLANG_WARN__DUPLICATE_METHOD_MATCH = YES;
				COPY_PHASE_STRIP = NO;
				DEBUG_INFORMATION_FORMAT = dwarf;
				ENABLE_STRICT_OBJC_MSGSEND = YES;
				ENABLE_TESTABILITY = YES;
				GCC_C_LANGUAGE_STANDARD = gnu11;
				GCC_DYNAMIC_NO_PIC = NO;
				GCC_NO_COMMON_BLOCKS = YES;
				GCC_OPTIMIZATION_LEVEL = 0;
				GCC_PREPROCESSOR_DEFINITIONS = (
					"DEBUG=1",
					"$(inherited)",
				);
				GCC_WARN_64_TO_32_BIT_CONVERSION = YES;
				GCC_WARN_ABOUT_RETURN_TYPE = YES_ERROR;
				GCC_WARN_UNDECLARED_SELECTOR = YES;
				GCC_WARN_UNINITIALIZED_AUTOS = YES_AGGRESSIVE;
				GCC_WARN_UNUSED_FUNCTION = YES;
				GCC_WARN_UNUSED_VARIABLE = YES;
				IPHONEOS_DEPLOYMENT_TARGET = 15.2;
				MTL_ENABLE_DEBUG_INFO = INCLUDE_SOURCE;
				MTL_FAST_MATH = YES;
				ONLY_ACTIVE_ARCH = YES;
				SDKROOT = iphoneos;
				SWIFT_ACTIVE_COMPILATION_CONDITIONS = DEBUG;
				SWIFT_OPTIMIZATION_LEVEL = "-Onone";
			};
			name = Debug;
		};
		FB78E962279EA432005A7639 /* Release */ = {
			isa = XCBuildConfiguration;
			buildSettings = {
				ALWAYS_SEARCH_USER_PATHS = NO;
				CLANG_ANALYZER_NONNULL = YES;
				CLANG_ANALYZER_NUMBER_OBJECT_CONVERSION = YES_AGGRESSIVE;
				CLANG_CXX_LANGUAGE_STANDARD = "gnu++17";
				CLANG_CXX_LIBRARY = "libc++";
				CLANG_ENABLE_MODULES = YES;
				CLANG_ENABLE_OBJC_ARC = YES;
				CLANG_ENABLE_OBJC_WEAK = YES;
				CLANG_WARN_BLOCK_CAPTURE_AUTORELEASING = YES;
				CLANG_WARN_BOOL_CONVERSION = YES;
				CLANG_WARN_COMMA = YES;
				CLANG_WARN_CONSTANT_CONVERSION = YES;
				CLANG_WARN_DEPRECATED_OBJC_IMPLEMENTATIONS = YES;
				CLANG_WARN_DIRECT_OBJC_ISA_USAGE = YES_ERROR;
				CLANG_WARN_DOCUMENTATION_COMMENTS = YES;
				CLANG_WARN_EMPTY_BODY = YES;
				CLANG_WARN_ENUM_CONVERSION = YES;
				CLANG_WARN_INFINITE_RECURSION = YES;
				CLANG_WARN_INT_CONVERSION = YES;
				CLANG_WARN_NON_LITERAL_NULL_CONVERSION = YES;
				CLANG_WARN_OBJC_IMPLICIT_RETAIN_SELF = YES;
				CLANG_WARN_OBJC_LITERAL_CONVERSION = YES;
				CLANG_WARN_OBJC_ROOT_CLASS = YES_ERROR;
				CLANG_WARN_QUOTED_INCLUDE_IN_FRAMEWORK_HEADER = YES;
				CLANG_WARN_RANGE_LOOP_ANALYSIS = YES;
				CLANG_WARN_STRICT_PROTOTYPES = YES;
				CLANG_WARN_SUSPICIOUS_MOVE = YES;
				CLANG_WARN_UNGUARDED_AVAILABILITY = YES_AGGRESSIVE;
				CLANG_WARN_UNREACHABLE_CODE = YES;
				CLANG_WARN__DUPLICATE_METHOD_MATCH = YES;
				COPY_PHASE_STRIP = NO;
				DEBUG_INFORMATION_FORMAT = "dwarf-with-dsym";
				ENABLE_NS_ASSERTIONS = NO;
				ENABLE_STRICT_OBJC_MSGSEND = YES;
				GCC_C_LANGUAGE_STANDARD = gnu11;
				GCC_NO_COMMON_BLOCKS = YES;
				GCC_WARN_64_TO_32_BIT_CONVERSION = YES;
				GCC_WARN_ABOUT_RETURN_TYPE = YES_ERROR;
				GCC_WARN_UNDECLARED_SELECTOR = YES;
				GCC_WARN_UNINITIALIZED_AUTOS = YES_AGGRESSIVE;
				GCC_WARN_UNUSED_FUNCTION = YES;
				GCC_WARN_UNUSED_VARIABLE = YES;
				IPHONEOS_DEPLOYMENT_TARGET = 15.2;
				MTL_ENABLE_DEBUG_INFO = NO;
				MTL_FAST_MATH = YES;
				SDKROOT = iphoneos;
				SWIFT_COMPILATION_MODE = wholemodule;
				SWIFT_OPTIMIZATION_LEVEL = "-O";
				VALIDATE_PRODUCT = YES;
			};
			name = Release;
		};
		FB78E964279EA432005A7639 /* Debug */ = {
			isa = XCBuildConfiguration;
			buildSettings = {
				ASSETCATALOG_COMPILER_APPICON_NAME = AppIcon;
				ASSETCATALOG_COMPILER_GLOBAL_ACCENT_COLOR_NAME = AccentColor;
				CODE_SIGN_STYLE = Automatic;
				CURRENT_PROJECT_VERSION = 1;
				DEVELOPMENT_ASSET_PATHS = "\"FindCoronaCenter/Preview Content\"";
				DEVELOPMENT_TEAM = YHNY62HKYP;
				ENABLE_PREVIEWS = YES;
				GENERATE_INFOPLIST_FILE = YES;
				INFOPLIST_KEY_UIApplicationSceneManifest_Generation = YES;
				INFOPLIST_KEY_UIApplicationSupportsIndirectInputEvents = YES;
				INFOPLIST_KEY_UILaunchScreen_Generation = YES;
				INFOPLIST_KEY_UISupportedInterfaceOrientations_iPad = "UIInterfaceOrientationPortrait UIInterfaceOrientationPortraitUpsideDown UIInterfaceOrientationLandscapeLeft UIInterfaceOrientationLandscapeRight";
				INFOPLIST_KEY_UISupportedInterfaceOrientations_iPhone = "UIInterfaceOrientationPortrait UIInterfaceOrientationLandscapeLeft UIInterfaceOrientationLandscapeRight";
				LD_RUNPATH_SEARCH_PATHS = (
					"$(inherited)",
					"@executable_path/Frameworks",
				);
				MARKETING_VERSION = 1.0;
				PRODUCT_BUNDLE_IDENTIFIER = "Keem-ym.FindCoronaCenter";
				PRODUCT_NAME = "$(TARGET_NAME)";
				SWIFT_EMIT_LOC_STRINGS = YES;
				SWIFT_VERSION = 5.0;
				TARGETED_DEVICE_FAMILY = "1,2";
			};
			name = Debug;
		};
		FB78E965279EA432005A7639 /* Release */ = {
			isa = XCBuildConfiguration;
			buildSettings = {
				ASSETCATALOG_COMPILER_APPICON_NAME = AppIcon;
				ASSETCATALOG_COMPILER_GLOBAL_ACCENT_COLOR_NAME = AccentColor;
				CODE_SIGN_STYLE = Automatic;
				CURRENT_PROJECT_VERSION = 1;
				DEVELOPMENT_ASSET_PATHS = "\"FindCoronaCenter/Preview Content\"";
				DEVELOPMENT_TEAM = YHNY62HKYP;
				ENABLE_PREVIEWS = YES;
				GENERATE_INFOPLIST_FILE = YES;
				INFOPLIST_KEY_UIApplicationSceneManifest_Generation = YES;
				INFOPLIST_KEY_UIApplicationSupportsIndirectInputEvents = YES;
				INFOPLIST_KEY_UILaunchScreen_Generation = YES;
				INFOPLIST_KEY_UISupportedInterfaceOrientations_iPad = "UIInterfaceOrientationPortrait UIInterfaceOrientationPortraitUpsideDown UIInterfaceOrientationLandscapeLeft UIInterfaceOrientationLandscapeRight";
				INFOPLIST_KEY_UISupportedInterfaceOrientations_iPhone = "UIInterfaceOrientationPortrait UIInterfaceOrientationLandscapeLeft UIInterfaceOrientationLandscapeRight";
				LD_RUNPATH_SEARCH_PATHS = (
					"$(inherited)",
					"@executable_path/Frameworks",
				);
				MARKETING_VERSION = 1.0;
				PRODUCT_BUNDLE_IDENTIFIER = "Keem-ym.FindCoronaCenter";
				PRODUCT_NAME = "$(TARGET_NAME)";
				SWIFT_EMIT_LOC_STRINGS = YES;
				SWIFT_VERSION = 5.0;
				TARGETED_DEVICE_FAMILY = "1,2";
			};
			name = Release;
		};
		FB78E967279EA432005A7639 /* Debug */ = {
			isa = XCBuildConfiguration;
			buildSettings = {
				ALWAYS_EMBED_SWIFT_STANDARD_LIBRARIES = YES;
				BUNDLE_LOADER = "$(TEST_HOST)";
				CODE_SIGN_STYLE = Automatic;
				CURRENT_PROJECT_VERSION = 1;
				DEVELOPMENT_TEAM = YHNY62HKYP;
				GENERATE_INFOPLIST_FILE = YES;
				IPHONEOS_DEPLOYMENT_TARGET = 15.2;
				MARKETING_VERSION = 1.0;
				PRODUCT_BUNDLE_IDENTIFIER = "Keem-ym.FindCoronaCenterTests";
				PRODUCT_NAME = "$(TARGET_NAME)";
				SWIFT_EMIT_LOC_STRINGS = NO;
				SWIFT_VERSION = 5.0;
				TARGETED_DEVICE_FAMILY = "1,2";
				TEST_HOST = "$(BUILT_PRODUCTS_DIR)/FindCoronaCenter.app/FindCoronaCenter";
			};
			name = Debug;
		};
		FB78E968279EA432005A7639 /* Release */ = {
			isa = XCBuildConfiguration;
			buildSettings = {
				ALWAYS_EMBED_SWIFT_STANDARD_LIBRARIES = YES;
				BUNDLE_LOADER = "$(TEST_HOST)";
				CODE_SIGN_STYLE = Automatic;
				CURRENT_PROJECT_VERSION = 1;
				DEVELOPMENT_TEAM = YHNY62HKYP;
				GENERATE_INFOPLIST_FILE = YES;
				IPHONEOS_DEPLOYMENT_TARGET = 15.2;
				MARKETING_VERSION = 1.0;
				PRODUCT_BUNDLE_IDENTIFIER = "Keem-ym.FindCoronaCenterTests";
				PRODUCT_NAME = "$(TARGET_NAME)";
				SWIFT_EMIT_LOC_STRINGS = NO;
				SWIFT_VERSION = 5.0;
				TARGETED_DEVICE_FAMILY = "1,2";
				TEST_HOST = "$(BUILT_PRODUCTS_DIR)/FindCoronaCenter.app/FindCoronaCenter";
			};
			name = Release;
		};
		FB78E96A279EA432005A7639 /* Debug */ = {
			isa = XCBuildConfiguration;
			buildSettings = {
				ALWAYS_EMBED_SWIFT_STANDARD_LIBRARIES = YES;
				CODE_SIGN_STYLE = Automatic;
				CURRENT_PROJECT_VERSION = 1;
				DEVELOPMENT_TEAM = YHNY62HKYP;
				GENERATE_INFOPLIST_FILE = YES;
				MARKETING_VERSION = 1.0;
				PRODUCT_BUNDLE_IDENTIFIER = "Keem-ym.FindCoronaCenterUITests";
				PRODUCT_NAME = "$(TARGET_NAME)";
				SWIFT_EMIT_LOC_STRINGS = NO;
				SWIFT_VERSION = 5.0;
				TARGETED_DEVICE_FAMILY = "1,2";
				TEST_TARGET_NAME = FindCoronaCenter;
			};
			name = Debug;
		};
		FB78E96B279EA432005A7639 /* Release */ = {
			isa = XCBuildConfiguration;
			buildSettings = {
				ALWAYS_EMBED_SWIFT_STANDARD_LIBRARIES = YES;
				CODE_SIGN_STYLE = Automatic;
				CURRENT_PROJECT_VERSION = 1;
				DEVELOPMENT_TEAM = YHNY62HKYP;
				GENERATE_INFOPLIST_FILE = YES;
				MARKETING_VERSION = 1.0;
				PRODUCT_BUNDLE_IDENTIFIER = "Keem-ym.FindCoronaCenterUITests";
				PRODUCT_NAME = "$(TARGET_NAME)";
				SWIFT_EMIT_LOC_STRINGS = NO;
				SWIFT_VERSION = 5.0;
				TARGETED_DEVICE_FAMILY = "1,2";
				TEST_TARGET_NAME = FindCoronaCenter;
			};
			name = Release;
		};
/* End XCBuildConfiguration section */

/* Begin XCConfigurationList section */
		FB78E93A279EA42F005A7639 /* Build configuration list for PBXProject "FindCoronaCenter" */ = {
			isa = XCConfigurationList;
			buildConfigurations = (
				FB78E961279EA432005A7639 /* Debug */,
				FB78E962279EA432005A7639 /* Release */,
			);
			defaultConfigurationIsVisible = 0;
			defaultConfigurationName = Release;
		};
		FB78E963279EA432005A7639 /* Build configuration list for PBXNativeTarget "FindCoronaCenter" */ = {
			isa = XCConfigurationList;
			buildConfigurations = (
				FB78E964279EA432005A7639 /* Debug */,
				FB78E965279EA432005A7639 /* Release */,
			);
			defaultConfigurationIsVisible = 0;
			defaultConfigurationName = Release;
		};
		FB78E966279EA432005A7639 /* Build configuration list for PBXNativeTarget "FindCoronaCenterTests" */ = {
			isa = XCConfigurationList;
			buildConfigurations = (
				FB78E967279EA432005A7639 /* Debug */,
				FB78E968279EA432005A7639 /* Release */,
			);
			defaultConfigurationIsVisible = 0;
			defaultConfigurationName = Release;
		};
		FB78E969279EA432005A7639 /* Build configuration list for PBXNativeTarget "FindCoronaCenterUITests" */ = {
			isa = XCConfigurationList;
			buildConfigurations = (
				FB78E96A279EA432005A7639 /* Debug */,
				FB78E96B279EA432005A7639 /* Release */,
			);
			defaultConfigurationIsVisible = 0;
			defaultConfigurationName = Release;
		};
/* End XCConfigurationList section */
	};
	rootObject = FB78E937279EA42F005A7639 /* Project object */;
}
